
Microsoft Visual Studio Solution File, Format Version 12.00
# Visual Studio Version 17
VisualStudioVersion = 17.7.33711.374
MinimumVisualStudioVersion = 10.0.40219.1
Project("{FAE04EC0-301F-11D3-BF4B-00C04F79EFBC}") = "encapsulation", "encapsulation.csproj", "{DC2C0C8E-54D7-4221-90D0-45565A964B74}"
EndProject
Global
	GlobalSection(SolutionConfigurationPlatforms) = preSolution
		Debug|Any CPU = Debug|Any CPU
		Release|Any CPU = Release|Any CPU
	EndGlobalSection
	GlobalSection(ProjectConfigurationPlatforms) = postSolution
		{DC2C0C8E-54D7-4221-90D0-45565A964B74}.Debug|Any CPU.ActiveCfg = Debug|Any CPU
		{DC2C0C8E-54D7-4221-90D0-45565A964B74}.Debug|Any CPU.Build.0 = Debug|Any CPU
		{DC2C0C8E-54D7-4221-90D0-45565A964B74}.Release|Any CPU.ActiveCfg = Release|Any CPU
		{DC2C0C8E-54D7-4221-90D0-45565A964B74}.Release|Any CPU.Build.0 = Release|Any CPU
	EndGlobalSection
	GlobalSection(SolutionProperties) = preSolution
		HideSolutionNode = FALSE
	EndGlobalSection
	GlobalSection(ExtensibilityGlobals) = postSolution
		SolutionGuid = {49B954C9-4C18-4C8D-B7EF-C31E0885630C}
	EndGlobalSection
EndGlobal
